// !$*UTF8*$!
{
	archiveVersion = 1;
	classes = {
	};
	objectVersion = 50;
	objects = {

/* Begin PBXBuildFile section */
		180E06D723B5F10300C2E0D8 /* AppDelegate.swift in Sources */ = {isa = PBXBuildFile; fileRef = 180E06D623B5F10300C2E0D8 /* AppDelegate.swift */; };
		180E06DE23B5F10300C2E0D8 /* Main.storyboard in Resources */ = {isa = PBXBuildFile; fileRef = 180E06DC23B5F10300C2E0D8 /* Main.storyboard */; };
		180E06E023B5F10400C2E0D8 /* Assets.xcassets in Resources */ = {isa = PBXBuildFile; fileRef = 180E06DF23B5F10400C2E0D8 /* Assets.xcassets */; };
		180E06E323B5F10400C2E0D8 /* LaunchScreen.storyboard in Resources */ = {isa = PBXBuildFile; fileRef = 180E06E123B5F10400C2E0D8 /* LaunchScreen.storyboard */; };
		180E06EF23B5F18900C2E0D8 /* ViewController.swift in Sources */ = {isa = PBXBuildFile; fileRef = 180E06EE23B5F18900C2E0D8 /* ViewController.swift */; };
		180E072123B6FAD100C2E0D8 /* CustomDisplayController.swift in Sources */ = {isa = PBXBuildFile; fileRef = 180E072023B6FAD100C2E0D8 /* CustomDisplayController.swift */; };
		182769A62401280400010F11 /* ActionSheetContent.swift in Sources */ = {isa = PBXBuildFile; fileRef = 182769A52401280400010F11 /* ActionSheetContent.swift */; };
		18BEB57623FF89AB00C77E72 /* Define.swift in Sources */ = {isa = PBXBuildFile; fileRef = 18BEB57523FF89AB00C77E72 /* Define.swift */; };
		18BEB57823FFBA9900C77E72 /* ZXActionSheetHeadView.swift in Sources */ = {isa = PBXBuildFile; fileRef = 18BEB57723FFBA9900C77E72 /* ZXActionSheetHeadView.swift */; };
		18BEB57C23FFBB1300C77E72 /* ZXActionSheetConfig.swift in Sources */ = {isa = PBXBuildFile; fileRef = 18BEB57B23FFBB1300C77E72 /* ZXActionSheetConfig.swift */; };
		18BEB57E23FFC66000C77E72 /* ZXActionSheetFooterView.swift in Sources */ = {isa = PBXBuildFile; fileRef = 18BEB57D23FFC66000C77E72 /* ZXActionSheetFooterView.swift */; };
		18BEB58123FFCAA800C77E72 /* ActionSheet.swift in Sources */ = {isa = PBXBuildFile; fileRef = 18BEB58023FFCAA800C77E72 /* ActionSheet.swift */; };
		FA6DF8F22403D8A20085D2EC /* ActionSheetContentRow.swift in Sources */ = {isa = PBXBuildFile; fileRef = FA6DF8F12403D8A20085D2EC /* ActionSheetContentRow.swift */; };
		FA6DF8F524054D430085D2EC /* ssss.m in Sources */ = {isa = PBXBuildFile; fileRef = FA6DF8F424054D430085D2EC /* ssss.m */; };
/* End PBXBuildFile section */

/* Begin PBXFileReference section */
		180E06D323B5F10300C2E0D8 /* CustomDisplayController.app */ = {isa = PBXFileReference; explicitFileType = wrapper.application; includeInIndex = 0; path = CustomDisplayController.app; sourceTree = BUILT_PRODUCTS_DIR; };
		180E06D623B5F10300C2E0D8 /* AppDelegate.swift */ = {isa = PBXFileReference; lastKnownFileType = sourcecode.swift; path = AppDelegate.swift; sourceTree = "<group>"; };
		180E06DD23B5F10300C2E0D8 /* Base */ = {isa = PBXFileReference; lastKnownFileType = file.storyboard; name = Base; path = Base.lproj/Main.storyboard; sourceTree = "<group>"; };
		180E06DF23B5F10400C2E0D8 /* Assets.xcassets */ = {isa = PBXFileReference; lastKnownFileType = folder.assetcatalog; path = Assets.xcassets; sourceTree = "<group>"; };
		180E06E223B5F10400C2E0D8 /* Base */ = {isa = PBXFileReference; lastKnownFileType = file.storyboard; name = Base; path = Base.lproj/LaunchScreen.storyboard; sourceTree = "<group>"; };
		180E06E423B5F10400C2E0D8 /* Info.plist */ = {isa = PBXFileReference; lastKnownFileType = text.plist.xml; path = Info.plist; sourceTree = "<group>"; };
		180E06EE23B5F18900C2E0D8 /* ViewController.swift */ = {isa = PBXFileReference; fileEncoding = 4; lastKnownFileType = sourcecode.swift; path = ViewController.swift; sourceTree = "<group>"; };
		180E072023B6FAD100C2E0D8 /* CustomDisplayController.swift */ = {isa = PBXFileReference; fileEncoding = 4; lastKnownFileType = sourcecode.swift; path = CustomDisplayController.swift; sourceTree = "<group>"; };
		182769A52401280400010F11 /* ActionSheetContent.swift */ = {isa = PBXFileReference; lastKnownFileType = sourcecode.swift; path = ActionSheetContent.swift; sourceTree = "<group>"; };
		18BEB57523FF89AB00C77E72 /* Define.swift */ = {isa = PBXFileReference; lastKnownFileType = sourcecode.swift; path = Define.swift; sourceTree = "<group>"; };
		18BEB57723FFBA9900C77E72 /* ZXActionSheetHeadView.swift */ = {isa = PBXFileReference; lastKnownFileType = sourcecode.swift; path = ZXActionSheetHeadView.swift; sourceTree = "<group>"; };
		18BEB57B23FFBB1300C77E72 /* ZXActionSheetConfig.swift */ = {isa = PBXFileReference; lastKnownFileType = sourcecode.swift; path = ZXActionSheetConfig.swift; sourceTree = "<group>"; };
		18BEB57D23FFC66000C77E72 /* ZXActionSheetFooterView.swift */ = {isa = PBXFileReference; lastKnownFileType = sourcecode.swift; path = ZXActionSheetFooterView.swift; sourceTree = "<group>"; };
		18BEB58023FFCAA800C77E72 /* ActionSheet.swift */ = {isa = PBXFileReference; lastKnownFileType = sourcecode.swift; path = ActionSheet.swift; sourceTree = "<group>"; };
		FA6DF8F12403D8A20085D2EC /* ActionSheetContentRow.swift */ = {isa = PBXFileReference; fileEncoding = 4; lastKnownFileType = sourcecode.swift; path = ActionSheetContentRow.swift; sourceTree = "<group>"; };
		FA6DF8F324054D420085D2EC /* CustomDisplayController-Bridging-Header.h */ = {isa = PBXFileReference; lastKnownFileType = sourcecode.c.h; path = "CustomDisplayController-Bridging-Header.h"; sourceTree = "<group>"; };
		FA6DF8F424054D430085D2EC /* ssss.m */ = {isa = PBXFileReference; lastKnownFileType = sourcecode.c.objc; path = ssss.m; sourceTree = "<group>"; };
/* End PBXFileReference section */

/* Begin PBXFrameworksBuildPhase section */
		180E06D023B5F10300C2E0D8 /* Frameworks */ = {
			isa = PBXFrameworksBuildPhase;
			buildActionMask = 2147483647;
			files = (
			);
			runOnlyForDeploymentPostprocessing = 0;
		};
/* End PBXFrameworksBuildPhase section */

/* Begin PBXGroup section */
		180E06CA23B5F10300C2E0D8 = {
			isa = PBXGroup;
			children = (
				180E06D523B5F10300C2E0D8 /* CustomDisplayController */,
				180E06D423B5F10300C2E0D8 /* Products */,
			);
			sourceTree = "<group>";
		};
		180E06D423B5F10300C2E0D8 /* Products */ = {
			isa = PBXGroup;
			children = (
				180E06D323B5F10300C2E0D8 /* CustomDisplayController.app */,
			);
			name = Products;
			sourceTree = "<group>";
		};
		180E06D523B5F10300C2E0D8 /* CustomDisplayController */ = {
			isa = PBXGroup;
			children = (
				180E06ED23B5F14600C2E0D8 /* Demo */,
				180E06EA23B5F12700C2E0D8 /* CustomDisplayController */,
				180E06D623B5F10300C2E0D8 /* AppDelegate.swift */,
				180E06DC23B5F10300C2E0D8 /* Main.storyboard */,
				180E06DF23B5F10400C2E0D8 /* Assets.xcassets */,
				180E06E123B5F10400C2E0D8 /* LaunchScreen.storyboard */,
				180E06E423B5F10400C2E0D8 /* Info.plist */,
			);
			path = CustomDisplayController;
			sourceTree = "<group>";
		};
		180E06EA23B5F12700C2E0D8 /* CustomDisplayController */ = {
			isa = PBXGroup;
			children = (
				18BEB57F23FFCA8700C77E72 /* ActionSheet */,
				180E072023B6FAD100C2E0D8 /* CustomDisplayController.swift */,
				18BEB57523FF89AB00C77E72 /* Define.swift */,
			);
			path = CustomDisplayController;
			sourceTree = "<group>";
		};
		180E06ED23B5F14600C2E0D8 /* Demo */ = {
			isa = PBXGroup;
			children = (
				180E06EE23B5F18900C2E0D8 /* ViewController.swift */,
				FA6DF8F424054D430085D2EC /* ssss.m */,
				FA6DF8F324054D420085D2EC /* CustomDisplayController-Bridging-Header.h */,
			);
			path = Demo;
			sourceTree = "<group>";
		};
		18BEB57F23FFCA8700C77E72 /* ActionSheet */ = {
			isa = PBXGroup;
			children = (
				18BEB58023FFCAA800C77E72 /* ActionSheet.swift */,
				18BEB57D23FFC66000C77E72 /* ZXActionSheetFooterView.swift */,
				18BEB57723FFBA9900C77E72 /* ZXActionSheetHeadView.swift */,
				182769A52401280400010F11 /* ActionSheetContent.swift */,
				FA6DF8F12403D8A20085D2EC /* ActionSheetContentRow.swift */,
				18BEB57B23FFBB1300C77E72 /* ZXActionSheetConfig.swift */,
			);
			path = ActionSheet;
			sourceTree = "<group>";
		};
/* End PBXGroup section */

/* Begin PBXNativeTarget section */
		180E06D223B5F10300C2E0D8 /* CustomDisplayController */ = {
			isa = PBXNativeTarget;
			buildConfigurationList = 180E06E723B5F10400C2E0D8 /* Build configuration list for PBXNativeTarget "CustomDisplayController" */;
			buildPhases = (
				180E06CF23B5F10300C2E0D8 /* Sources */,
				180E06D023B5F10300C2E0D8 /* Frameworks */,
				180E06D123B5F10300C2E0D8 /* Resources */,
			);
			buildRules = (
			);
			dependencies = (
			);
			name = CustomDisplayController;
			productName = CustomDisplayController;
			productReference = 180E06D323B5F10300C2E0D8 /* CustomDisplayController.app */;
			productType = "com.apple.product-type.application";
		};
/* End PBXNativeTarget section */

/* Begin PBXProject section */
		180E06CB23B5F10300C2E0D8 /* Project object */ = {
			isa = PBXProject;
			attributes = {
				LastSwiftUpdateCheck = 1130;
				LastUpgradeCheck = 1130;
				ORGANIZATIONNAME = apple;
				TargetAttributes = {
					180E06D223B5F10300C2E0D8 = {
						CreatedOnToolsVersion = 11.3;
						LastSwiftMigration = 1130;
					};
				};
			};
			buildConfigurationList = 180E06CE23B5F10300C2E0D8 /* Build configuration list for PBXProject "CustomDisplayController" */;
			compatibilityVersion = "Xcode 9.3";
			developmentRegion = en;
			hasScannedForEncodings = 0;
			knownRegions = (
				en,
				Base,
			);
			mainGroup = 180E06CA23B5F10300C2E0D8;
			productRefGroup = 180E06D423B5F10300C2E0D8 /* Products */;
			projectDirPath = "";
			projectRoot = "";
			targets = (
				180E06D223B5F10300C2E0D8 /* CustomDisplayController */,
			);
		};
/* End PBXProject section */

/* Begin PBXResourcesBuildPhase section */
		180E06D123B5F10300C2E0D8 /* Resources */ = {
			isa = PBXResourcesBuildPhase;
			buildActionMask = 2147483647;
			files = (
				180E06E323B5F10400C2E0D8 /* LaunchScreen.storyboard in Resources */,
				180E06E023B5F10400C2E0D8 /* Assets.xcassets in Resources */,
				180E06DE23B5F10300C2E0D8 /* Main.storyboard in Resources */,
			);
			runOnlyForDeploymentPostprocessing = 0;
		};
/* End PBXResourcesBuildPhase section */

/* Begin PBXSourcesBuildPhase section */
		180E06CF23B5F10300C2E0D8 /* Sources */ = {
			isa = PBXSourcesBuildPhase;
			buildActionMask = 2147483647;
			files = (
				FA6DF8F22403D8A20085D2EC /* ActionSheetContentRow.swift in Sources */,
				18BEB58123FFCAA800C77E72 /* ActionSheet.swift in Sources */,
				180E06D723B5F10300C2E0D8 /* AppDelegate.swift in Sources */,
				18BEB57E23FFC66000C77E72 /* ZXActionSheetFooterView.swift in Sources */,
				180E072123B6FAD100C2E0D8 /* CustomDisplayController.swift in Sources */,
				180E06EF23B5F18900C2E0D8 /* ViewController.swift in Sources */,
				18BEB57823FFBA9900C77E72 /* ZXActionSheetHeadView.swift in Sources */,
				182769A62401280400010F11 /* ActionSheetContent.swift in Sources */,
				18BEB57C23FFBB1300C77E72 /* ZXActionSheetConfig.swift in Sources */,
				18BEB57623FF89AB00C77E72 /* Define.swift in Sources */,
				FA6DF8F524054D430085D2EC /* ssss.m in Sources */,
			);
			runOnlyForDeploymentPostprocessing = 0;
		};
/* End PBXSourcesBuildPhase section */

/* Begin PBXVariantGroup section */
		180E06DC23B5F10300C2E0D8 /* Main.storyboard */ = {
			isa = PBXVariantGroup;
			children = (
				180E06DD23B5F10300C2E0D8 /* Base */,
			);
			name = Main.storyboard;
			sourceTree = "<group>";
		};
		180E06E123B5F10400C2E0D8 /* LaunchScreen.storyboard */ = {
			isa = PBXVariantGroup;
			children = (
				180E06E223B5F10400C2E0D8 /* Base */,
			);
			name = LaunchScreen.storyboard;
			sourceTree = "<group>";
		};
/* End PBXVariantGroup section */

/* Begin XCBuildConfiguration section */
		180E06E523B5F10400C2E0D8 /* Debug */ = {
			isa = XCBuildConfiguration;
			buildSettings = {
				ALWAYS_SEARCH_USER_PATHS = NO;
				CLANG_ANALYZER_NONNULL = YES;
				CLANG_ANALYZER_NUMBER_OBJECT_CONVERSION = YES_AGGRESSIVE;
				CLANG_CXX_LANGUAGE_STANDARD = "gnu++14";
				CLANG_CXX_LIBRARY = "libc++";
				CLANG_ENABLE_MODULES = YES;
				CLANG_ENABLE_OBJC_ARC = YES;
				CLANG_ENABLE_OBJC_WEAK = YES;
				CLANG_WARN_BLOCK_CAPTURE_AUTORELEASING = YES;
				CLANG_WARN_BOOL_CONVERSION = YES;
				CLANG_WARN_COMMA = YES;
				CLANG_WARN_CONSTANT_CONVERSION = YES;
				CLANG_WARN_DEPRECATED_OBJC_IMPLEMENTATIONS = YES;
				CLANG_WARN_DIRECT_OBJC_ISA_USAGE = YES_ERROR;
				CLANG_WARN_DOCUMENTATION_COMMENTS = YES;
				CLANG_WARN_EMPTY_BODY = YES;
				CLANG_WARN_ENUM_CONVERSION = YES;
				CLANG_WARN_INFINITE_RECURSION = YES;
				CLANG_WARN_INT_CONVERSION = YES;
				CLANG_WARN_NON_LITERAL_NULL_CONVERSION = YES;
				CLANG_WARN_OBJC_IMPLICIT_RETAIN_SELF = YES;
				CLANG_WARN_OBJC_LITERAL_CONVERSION = YES;
				CLANG_WARN_OBJC_ROOT_CLASS = YES_ERROR;
				CLANG_WARN_RANGE_LOOP_ANALYSIS = YES;
				CLANG_WARN_STRICT_PROTOTYPES = YES;
				CLANG_WARN_SUSPICIOUS_MOVE = YES;
				CLANG_WARN_UNGUARDED_AVAILABILITY = YES_AGGRESSIVE;
				CLANG_WARN_UNREACHABLE_CODE = YES;
				CLANG_WARN__DUPLICATE_METHOD_MATCH = YES;
				COPY_PHASE_STRIP = NO;
				DEBUG_INFORMATION_FORMAT = dwarf;
				ENABLE_STRICT_OBJC_MSGSEND = YES;
				ENABLE_TESTABILITY = YES;
				GCC_C_LANGUAGE_STANDARD = gnu11;
				GCC_DYNAMIC_NO_PIC = NO;
				GCC_NO_COMMON_BLOCKS = YES;
				GCC_OPTIMIZATION_LEVEL = 0;
				GCC_PREPROCESSOR_DEFINITIONS = (
					"DEBUG=1",
					"$(inherited)",
				);
				GCC_WARN_64_TO_32_BIT_CONVERSION = YES;
				GCC_WARN_ABOUT_RETURN_TYPE = YES_ERROR;
				GCC_WARN_UNDECLARED_SELECTOR = YES;
				GCC_WARN_UNINITIALIZED_AUTOS = YES_AGGRESSIVE;
				GCC_WARN_UNUSED_FUNCTION = YES;
				GCC_WARN_UNUSED_VARIABLE = YES;
				IPHONEOS_DEPLOYMENT_TARGET = 13.2;
				MTL_ENABLE_DEBUG_INFO = INCLUDE_SOURCE;
				MTL_FAST_MATH = YES;
				ONLY_ACTIVE_ARCH = YES;
				SDKROOT = iphoneos;
				SWIFT_ACTIVE_COMPILATION_CONDITIONS = DEBUG;
				SWIFT_OPTIMIZATION_LEVEL = "-Onone";
			};
			name = Debug;
		};
		180E06E623B5F10400C2E0D8 /* Release */ = {
			isa = XCBuildConfiguration;
			buildSettings = {
				ALWAYS_SEARCH_USER_PATHS = NO;
				CLANG_ANALYZER_NONNULL = YES;
				CLANG_ANALYZER_NUMBER_OBJECT_CONVERSION = YES_AGGRESSIVE;
				CLANG_CXX_LANGUAGE_STANDARD = "gnu++14";
				CLANG_CXX_LIBRARY = "libc++";
				CLANG_ENABLE_MODULES = YES;
				CLANG_ENABLE_OBJC_ARC = YES;
				CLANG_ENABLE_OBJC_WEAK = YES;
				CLANG_WARN_BLOCK_CAPTURE_AUTORELEASING = YES;
				CLANG_WARN_BOOL_CONVERSION = YES;
				CLANG_WARN_COMMA = YES;
				CLANG_WARN_CONSTANT_CONVERSION = YES;
				CLANG_WARN_DEPRECATED_OBJC_IMPLEMENTATIONS = YES;
				CLANG_WARN_DIRECT_OBJC_ISA_USAGE = YES_ERROR;
				CLANG_WARN_DOCUMENTATION_COMMENTS = YES;
				CLANG_WARN_EMPTY_BODY = YES;
				CLANG_WARN_ENUM_CONVERSION = YES;
				CLANG_WARN_INFINITE_RECURSION = YES;
				CLANG_WARN_INT_CONVERSION = YES;
				CLANG_WARN_NON_LITERAL_NULL_CONVERSION = YES;
				CLANG_WARN_OBJC_IMPLICIT_RETAIN_SELF = YES;
				CLANG_WARN_OBJC_LITERAL_CONVERSION = YES;
				CLANG_WARN_OBJC_ROOT_CLASS = YES_ERROR;
				CLANG_WARN_RANGE_LOOP_ANALYSIS = YES;
				CLANG_WARN_STRICT_PROTOTYPES = YES;
				CLANG_WARN_SUSPICIOUS_MOVE = YES;
				CLANG_WARN_UNGUARDED_AVAILABILITY = YES_AGGRESSIVE;
				CLANG_WARN_UNREACHABLE_CODE = YES;
				CLANG_WARN__DUPLICATE_METHOD_MATCH = YES;
				COPY_PHASE_STRIP = NO;
				DEBUG_INFORMATION_FORMAT = "dwarf-with-dsym";
				ENABLE_NS_ASSERTIONS = NO;
				ENABLE_STRICT_OBJC_MSGSEND = YES;
				GCC_C_LANGUAGE_STANDARD = gnu11;
				GCC_NO_COMMON_BLOCKS = YES;
				GCC_WARN_64_TO_32_BIT_CONVERSION = YES;
				GCC_WARN_ABOUT_RETURN_TYPE = YES_ERROR;
				GCC_WARN_UNDECLARED_SELECTOR = YES;
				GCC_WARN_UNINITIALIZED_AUTOS = YES_AGGRESSIVE;
				GCC_WARN_UNUSED_FUNCTION = YES;
				GCC_WARN_UNUSED_VARIABLE = YES;
				IPHONEOS_DEPLOYMENT_TARGET = 13.2;
				MTL_ENABLE_DEBUG_INFO = NO;
				MTL_FAST_MATH = YES;
				SDKROOT = iphoneos;
				SWIFT_COMPILATION_MODE = wholemodule;
				SWIFT_OPTIMIZATION_LEVEL = "-O";
				VALIDATE_PRODUCT = YES;
			};
			name = Release;
		};
		180E06E823B5F10400C2E0D8 /* Debug */ = {
			isa = XCBuildConfiguration;
			buildSettings = {
				ASSETCATALOG_COMPILER_APPICON_NAME = AppIcon;
				CLANG_ENABLE_MODULES = YES;
				CODE_SIGN_STYLE = Automatic;
				DEVELOPMENT_TEAM = 8W6BQ9D27A;
				INFOPLIST_FILE = CustomDisplayController/Info.plist;
				IPHONEOS_DEPLOYMENT_TARGET = 9.0;
				LD_RUNPATH_SEARCH_PATHS = (
					"$(inherited)",
					"@executable_path/Frameworks",
				);
				PRODUCT_BUNDLE_IDENTIFIER = com.DGLine.CustomDisplayController;
				PRODUCT_NAME = "$(TARGET_NAME)";
				SWIFT_OBJC_BRIDGING_HEADER = "CustomDisplayController/Demo/CustomDisplayController-Bridging-Header.h";
				SWIFT_OPTIMIZATION_LEVEL = "-Onone";
				SWIFT_VERSION = 5.0;
				TARGETED_DEVICE_FAMILY = "1,2";
			};
			name = Debug;
		};
		180E06E923B5F10400C2E0D8 /* Release */ = {
			isa = XCBuildConfiguration;
			buildSettings = {
				ASSETCATALOG_COMPILER_APPICON_NAME = AppIcon;
				CLANG_ENABLE_MODULES = YES;
				CODE_SIGN_STYLE = Automatic;
				DEVELOPMENT_TEAM = 8W6BQ9D27A;
				INFOPLIST_FILE = CustomDisplayController/Info.plist;
				IPHONEOS_DEPLOYMENT_TARGET = 9.0;
				LD_RUNPATH_SEARCH_PATHS = (
					"$(inherited)",
					"@executable_path/Frameworks",
				);
				PRODUCT_BUNDLE_IDENTIFIER = com.DGLine.CustomDisplayController;
				PRODUCT_NAME = "$(TARGET_NAME)";
				SWIFT_OBJC_BRIDGING_HEADER = "CustomDisplayController/Demo/CustomDisplayController-Bridging-Header.h";
				SWIFT_VERSION = 5.0;
				TARGETED_DEVICE_FAMILY = "1,2";
			};
			name = Release;
		};
/* End XCBuildConfiguration section */

/* Begin XCConfigurationList section */
		180E06CE23B5F10300C2E0D8 /* Build configuration list for PBXProject "CustomDisplayController" */ = {
			isa = XCConfigurationList;
			buildConfigurations = (
				180E06E523B5F10400C2E0D8 /* Debug */,
				180E06E623B5F10400C2E0D8 /* Release */,
			);
			defaultConfigurationIsVisible = 0;
			defaultConfigurationName = Release;
		};
		180E06E723B5F10400C2E0D8 /* Build configuration list for PBXNativeTarget "CustomDisplayController" */ = {
			isa = XCConfigurationList;
			buildConfigurations = (
				180E06E823B5F10400C2E0D8 /* Debug */,
				180E06E923B5F10400C2E0D8 /* Release */,
			);
			defaultConfigurationIsVisible = 0;
			defaultConfigurationName = Release;
		};
/* End XCConfigurationList section */
	};
	rootObject = 180E06CB23B5F10300C2E0D8 /* Project object */;
}
